
Microsoft Visual Studio Solution File, Format Version 12.00
# Visual Studio Version 17
VisualStudioVersion = 17.1.32210.238
MinimumVisualStudioVersion = 10.0.40219.1
Project("{FAE04EC0-301F-11D3-BF4B-00C04F79EFBC}") = "InvoiceTask", "InvoiceTask\InvoiceTask.csproj", "{10EE5009-52C6-43E2-A1B9-B7A0E7E7D91E}"
EndProject
Global
	GlobalSection(SolutionConfigurationPlatforms) = preSolution
		Debug|Any CPU = Debug|Any CPU
		Release|Any CPU = Release|Any CPU
	EndGlobalSection
	GlobalSection(ProjectConfigurationPlatforms) = postSolution
		{10EE5009-52C6-43E2-A1B9-B7A0E7E7D91E}.Debug|Any CPU.ActiveCfg = Debug|Any CPU
		{10EE5009-52C6-43E2-A1B9-B7A0E7E7D91E}.Debug|Any CPU.Build.0 = Debug|Any CPU
		{10EE5009-52C6-43E2-A1B9-B7A0E7E7D91E}.Release|Any CPU.ActiveCfg = Release|Any CPU
		{10EE5009-52C6-43E2-A1B9-B7A0E7E7D91E}.Release|Any CPU.Build.0 = Release|Any CPU
	EndGlobalSection
	GlobalSection(SolutionProperties) = preSolution
		HideSolutionNode = FALSE
	EndGlobalSection
	GlobalSection(ExtensibilityGlobals) = postSolution
		SolutionGuid = {F8137A24-65B2-4E54-9641-3543F390CF51}
	EndGlobalSection
EndGlobal
